// !$*UTF8*$!
{
	archiveVersion = 1;
	classes = {
	};
	objectVersion = 46;
	objects = {

/* Begin PBXBuildFile section */
		D51739281ECC69D100514E94 /* AppDelegate.swift in Sources */ = {isa = PBXBuildFile; fileRef = D51739271ECC69D100514E94 /* AppDelegate.swift */; };
		D517392A1ECC69D100514E94 /* ViewController.swift in Sources */ = {isa = PBXBuildFile; fileRef = D51739291ECC69D100514E94 /* ViewController.swift */; };
		D517392D1ECC69D100514E94 /* Main.storyboard in Resources */ = {isa = PBXBuildFile; fileRef = D517392B1ECC69D100514E94 /* Main.storyboard */; };
		D517392F1ECC69D100514E94 /* Assets.xcassets in Resources */ = {isa = PBXBuildFile; fileRef = D517392E1ECC69D100514E94 /* Assets.xcassets */; };
		D51739321ECC69D100514E94 /* LaunchScreen.storyboard in Resources */ = {isa = PBXBuildFile; fileRef = D51739301ECC69D100514E94 /* LaunchScreen.storyboard */; };
/* End PBXBuildFile section */

/* Begin PBXFileReference section */
		D51739241ECC69D100514E94 /* MyScribe.app */ = {isa = PBXFileReference; explicitFileType = wrapper.application; includeInIndex = 0; path = MyScribe.app; sourceTree = BUILT_PRODUCTS_DIR; };
		D51739271ECC69D100514E94 /* AppDelegate.swift */ = {isa = PBXFileReference; lastKnownFileType = sourcecode.swift; path = AppDelegate.swift; sourceTree = "<group>"; };
		D51739291ECC69D100514E94 /* ViewController.swift */ = {isa = PBXFileReference; lastKnownFileType = sourcecode.swift; path = ViewController.swift; sourceTree = "<group>"; };
		D517392C1ECC69D100514E94 /* Base */ = {isa = PBXFileReference; lastKnownFileType = file.storyboard; name = Base; path = Base.lproj/Main.storyboard; sourceTree = "<group>"; };
		D517392E1ECC69D100514E94 /* Assets.xcassets */ = {isa = PBXFileReference; lastKnownFileType = folder.assetcatalog; path = Assets.xcassets; sourceTree = "<group>"; };
		D51739311ECC69D100514E94 /* Base */ = {isa = PBXFileReference; lastKnownFileType = file.storyboard; name = Base; path = Base.lproj/LaunchScreen.storyboard; sourceTree = "<group>"; };
		D51739331ECC69D100514E94 /* Info.plist */ = {isa = PBXFileReference; lastKnownFileType = text.plist.xml; path = Info.plist; sourceTree = "<group>"; };
/* End PBXFileReference section */

/* Begin PBXFrameworksBuildPhase section */
		D51739211ECC69D100514E94 /* Frameworks */ = {
			isa = PBXFrameworksBuildPhase;
			buildActionMask = 2147483647;
			files = (
			);
			runOnlyForDeploymentPostprocessing = 0;
		};
/* End PBXFrameworksBuildPhase section */

/* Begin PBXGroup section */
		D517391B1ECC69D100514E94 = {
			isa = PBXGroup;
			children = (
				D51739261ECC69D100514E94 /* MyScribe */,
				D51739251ECC69D100514E94 /* Products */,
			);
			sourceTree = "<group>";
		};
		D51739251ECC69D100514E94 /* Products */ = {
			isa = PBXGroup;
			children = (
				D51739241ECC69D100514E94 /* MyScribe.app */,
			);
			name = Products;
			sourceTree = "<group>";
		};
		D51739261ECC69D100514E94 /* MyScribe */ = {
			isa = PBXGroup;
			children = (
				D51739271ECC69D100514E94 /* AppDelegate.swift */,
				D51739291ECC69D100514E94 /* ViewController.swift */,
				D517392B1ECC69D100514E94 /* Main.storyboard */,
				D517392E1ECC69D100514E94 /* Assets.xcassets */,
				D51739301ECC69D100514E94 /* LaunchScreen.storyboard */,
				D51739331ECC69D100514E94 /* Info.plist */,
			);
			path = MyScribe;
			sourceTree = "<group>";
		};
/* End PBXGroup section */

/* Begin PBXNativeTarget section */
		D51739231ECC69D100514E94 /* MyScribe */ = {
			isa = PBXNativeTarget;
			buildConfigurationList = D51739361ECC69D100514E94 /* Build configuration list for PBXNativeTarget "MyScribe" */;
			buildPhases = (
				D51739201ECC69D100514E94 /* Sources */,
				D51739211ECC69D100514E94 /* Frameworks */,
				D51739221ECC69D100514E94 /* Resources */,
			);
			buildRules = (
			);
			dependencies = (
			);
			name = MyScribe;
			productName = MyScribe;
			productReference = D51739241ECC69D100514E94 /* MyScribe.app */;
			productType = "com.apple.product-type.application";
		};
/* End PBXNativeTarget section */

/* Begin PBXProject section */
		D517391C1ECC69D100514E94 /* Project object */ = {
			isa = PBXProject;
			attributes = {
				LastSwiftUpdateCheck = 0830;
				LastUpgradeCheck = 0830;
				ORGANIZATIONNAME = HSI;
				TargetAttributes = {
					D51739231ECC69D100514E94 = {
						CreatedOnToolsVersion = 8.3.2;
						DevelopmentTeam = AK4RWB2TUN;
						ProvisioningStyle = Automatic;
					};
				};
			};
			buildConfigurationList = D517391F1ECC69D100514E94 /* Build configuration list for PBXProject "MyScribe" */;
			compatibilityVersion = "Xcode 3.2";
			developmentRegion = English;
			hasScannedForEncodings = 0;
			knownRegions = (
				en,
				Base,
			);
			mainGroup = D517391B1ECC69D100514E94;
			productRefGroup = D51739251ECC69D100514E94 /* Products */;
			projectDirPath = "";
			projectRoot = "";
			targets = (
				D51739231ECC69D100514E94 /* MyScribe */,
			);
		};
/* End PBXProject section */

/* Begin PBXResourcesBuildPhase section */
		D51739221ECC69D100514E94 /* Resources */ = {
			isa = PBXResourcesBuildPhase;
			buildActionMask = 2147483647;
			files = (
				D51739321ECC69D100514E94 /* LaunchScreen.storyboard in Resources */,
				D517392F1ECC69D100514E94 /* Assets.xcassets in Resources */,
				D517392D1ECC69D100514E94 /* Main.storyboard in Resources */,
			);
			runOnlyForDeploymentPostprocessing = 0;
		};
/* End PBXResourcesBuildPhase section */

/* Begin PBXSourcesBuildPhase section */
		D51739201ECC69D100514E94 /* Sources */ = {
			isa = PBXSourcesBuildPhase;
			buildActionMask = 2147483647;
			files = (
				D517392A1ECC69D100514E94 /* ViewController.swift in Sources */,
				D51739281ECC69D100514E94 /* AppDelegate.swift in Sources */,
			);
			runOnlyForDeploymentPostprocessing = 0;
		};
/* End PBXSourcesBuildPhase section */

/* Begin PBXVariantGroup section */
		D517392B1ECC69D100514E94 /* Main.storyboard */ = {
			isa = PBXVariantGroup;
			children = (
				D517392C1ECC69D100514E94 /* Base */,
			);
			name = Main.storyboard;
			sourceTree = "<group>";
		};
		D51739301ECC69D100514E94 /* LaunchScreen.storyboard */ = {
			isa = PBXVariantGroup;
			children = (
				D51739311ECC69D100514E94 /* Base */,
			);
			name = LaunchScreen.storyboard;
			sourceTree = "<group>";
		};
/* End PBXVariantGroup section */

/* Begin XCBuildConfiguration section */
		D51739341ECC69D100514E94 /* Debug */ = {
			isa = XCBuildConfiguration;
			buildSettings = {
				ALWAYS_SEARCH_USER_PATHS = NO;
				CLANG_ANALYZER_NONNULL = YES;
				CLANG_ANALYZER_NUMBER_OBJECT_CONVERSION = YES_AGGRESSIVE;
				CLANG_CXX_LANGUAGE_STANDARD = "gnu++0x";
				CLANG_CXX_LIBRARY = "libc++";
				CLANG_ENABLE_MODULES = YES;
				CLANG_ENABLE_OBJC_ARC = YES;
				CLANG_WARN_BOOL_CONVERSION = YES;
				CLANG_WARN_CONSTANT_CONVERSION = YES;
				CLANG_WARN_DIRECT_OBJC_ISA_USAGE = YES_ERROR;
				CLANG_WARN_DOCUMENTATION_COMMENTS = YES;
				CLANG_WARN_EMPTY_BODY = YES;
				CLANG_WARN_ENUM_CONVERSION = YES;
				CLANG_WARN_INFINITE_RECURSION = YES;
				CLANG_WARN_INT_CONVERSION = YES;
				CLANG_WARN_OBJC_ROOT_CLASS = YES_ERROR;
				CLANG_WARN_SUSPICIOUS_MOVE = YES;
				CLANG_WARN_UNREACHABLE_CODE = YES;
				CLANG_WARN__DUPLICATE_METHOD_MATCH = YES;
				"CODE_SIGN_IDENTITY[sdk=iphoneos*]" = "iPhone Developer";
				COPY_PHASE_STRIP = NO;
				DEBUG_INFORMATION_FORMAT = dwarf;
				ENABLE_STRICT_OBJC_MSGSEND = YES;
				ENABLE_TESTABILITY = YES;
				GCC_C_LANGUAGE_STANDARD = gnu99;
				GCC_DYNAMIC_NO_PIC = NO;
				GCC_NO_COMMON_BLOCKS = YES;
				GCC_OPTIMIZATION_LEVEL = 0;
				GCC_PREPROCESSOR_DEFINITIONS = (
					"DEBUG=1",
					"$(inherited)",
				);
				GCC_WARN_64_TO_32_BIT_CONVERSION = YES;
				GCC_WARN_ABOUT_RETURN_TYPE = YES_ERROR;
				GCC_WARN_UNDECLARED_SELECTOR = YES;
				GCC_WARN_UNINITIALIZED_AUTOS = YES_AGGRESSIVE;
				GCC_WARN_UNUSED_FUNCTION = YES;
				GCC_WARN_UNUSED_VARIABLE = YES;
				IPHONEOS_DEPLOYMENT_TARGET = 10.3;
				MTL_ENABLE_DEBUG_INFO = YES;
				ONLY_ACTIVE_ARCH = YES;
				SDKROOT = iphoneos;
				SWIFT_ACTIVE_COMPILATION_CONDITIONS = DEBUG;
				SWIFT_OPTIMIZATION_LEVEL = "-Onone";
			};
			name = Debug;
		};
		D51739351ECC69D100514E94 /* Release */ = {
			isa = XCBuildConfiguration;
			buildSettings = {
				ALWAYS_SEARCH_USER_PATHS = NO;
				CLANG_ANALYZER_NONNULL = YES;
				CLANG_ANALYZER_NUMBER_OBJECT_CONVERSION = YES_AGGRESSIVE;
				CLANG_CXX_LANGUAGE_STANDARD = "gnu++0x";
				CLANG_CXX_LIBRARY = "libc++";
				CLANG_ENABLE_MODULES = YES;
				CLANG_ENABLE_OBJC_ARC = YES;
				CLANG_WARN_BOOL_CONVERSION = YES;
				CLANG_WARN_CONSTANT_CONVERSION = YES;
				CLANG_WARN_DIRECT_OBJC_ISA_USAGE = YES_ERROR;
				CLANG_WARN_DOCUMENTATION_COMMENTS = YES;
				CLANG_WARN_EMPTY_BODY = YES;
				CLANG_WARN_ENUM_CONVERSION = YES;
				CLANG_WARN_INFINITE_RECURSION = YES;
				CLANG_WARN_INT_CONVERSION = YES;
				CLANG_WARN_OBJC_ROOT_CLASS = YES_ERROR;
				CLANG_WARN_SUSPICIOUS_MOVE = YES;
				CLANG_WARN_UNREACHABLE_CODE = YES;
				CLANG_WARN__DUPLICATE_METHOD_MATCH = YES;
				"CODE_SIGN_IDENTITY[sdk=iphoneos*]" = "iPhone Developer";
				COPY_PHASE_STRIP = NO;
				DEBUG_INFORMATION_FORMAT = "dwarf-with-dsym";
				ENABLE_NS_ASSERTIONS = NO;
				ENABLE_STRICT_OBJC_MSGSEND = YES;
				GCC_C_LANGUAGE_STANDARD = gnu99;
				GCC_NO_COMMON_BLOCKS = YES;
				GCC_WARN_64_TO_32_BIT_CONVERSION = YES;
				GCC_WARN_ABOUT_RETURN_TYPE = YES_ERROR;
				GCC_WARN_UNDECLARED_SELECTOR = YES;
				GCC_WARN_UNINITIALIZED_AUTOS = YES_AGGRESSIVE;
				GCC_WARN_UNUSED_FUNCTION = YES;
				GCC_WARN_UNUSED_VARIABLE = YES;
				IPHONEOS_DEPLOYMENT_TARGET = 10.3;
				MTL_ENABLE_DEBUG_INFO = NO;
				SDKROOT = iphoneos;
				SWIFT_OPTIMIZATION_LEVEL = "-Owholemodule";
				VALIDATE_PRODUCT = YES;
			};
			name = Release;
		};
		D51739371ECC69D100514E94 /* Debug */ = {
			isa = XCBuildConfiguration;
			buildSettings = {
				ASSETCATALOG_COMPILER_APPICON_NAME = AppIcon;
				DEVELOPMENT_TEAM = AK4RWB2TUN;
				INFOPLIST_FILE = MyScribe/Info.plist;
				LD_RUNPATH_SEARCH_PATHS = "$(inherited) @executable_path/Frameworks";
				PRODUCT_BUNDLE_IDENTIFIER = com.default.MyScribe;
				PRODUCT_NAME = "$(TARGET_NAME)";
				SWIFT_VERSION = 3.0;
			};
			name = Debug;
		};
		D51739381ECC69D100514E94 /* Release */ = {
			isa = XCBuildConfiguration;
			buildSettings = {
				ASSETCATALOG_COMPILER_APPICON_NAME = AppIcon;
				DEVELOPMENT_TEAM = AK4RWB2TUN;
				INFOPLIST_FILE = MyScribe/Info.plist;
				LD_RUNPATH_SEARCH_PATHS = "$(inherited) @executable_path/Frameworks";
				PRODUCT_BUNDLE_IDENTIFIER = com.default.MyScribe;
				PRODUCT_NAME = "$(TARGET_NAME)";
				SWIFT_VERSION = 3.0;
			};
			name = Release;
		};
/* End XCBuildConfiguration section */

/* Begin XCConfigurationList section */
		D517391F1ECC69D100514E94 /* Build configuration list for PBXProject "MyScribe" */ = {
			isa = XCConfigurationList;
			buildConfigurations = (
				D51739341ECC69D100514E94 /* Debug */,
				D51739351ECC69D100514E94 /* Release */,
			);
			defaultConfigurationIsVisible = 0;
			defaultConfigurationName = Release;
		};
		D51739361ECC69D100514E94 /* Build configuration list for PBXNativeTarget "MyScribe" */ = {
			isa = XCConfigurationList;
			buildConfigurations = (
				D51739371ECC69D100514E94 /* Debug */,
				D51739381ECC69D100514E94 /* Release */,
			);
			defaultConfigurationIsVisible = 0;
		};
/* End XCConfigurationList section */
	};
	rootObject = D517391C1ECC69D100514E94 /* Project object */;
}
